// !$*UTF8*$!
{
	archiveVersion = 1;
	classes = {
	};
	objectVersion = 50;
	objects = {

/* Begin PBXBuildFile section */
		3DEAE33E22C141370012737D /* AppDelegate.m in Sources */ = {isa = PBXBuildFile; fileRef = 3DEAE33D22C141370012737D /* AppDelegate.m */; };
		3DEAE34122C141370012737D /* ViewController.m in Sources */ = {isa = PBXBuildFile; fileRef = 3DEAE34022C141370012737D /* ViewController.m */; };
		3DEAE34422C141370012737D /* Main.storyboard in Resources */ = {isa = PBXBuildFile; fileRef = 3DEAE34222C141370012737D /* Main.storyboard */; };
		3DEAE34622C1413D0012737D /* Assets.xcassets in Resources */ = {isa = PBXBuildFile; fileRef = 3DEAE34522C1413D0012737D /* Assets.xcassets */; };
		3DEAE34922C1413D0012737D /* LaunchScreen.storyboard in Resources */ = {isa = PBXBuildFile; fileRef = 3DEAE34722C1413D0012737D /* LaunchScreen.storyboard */; };
		3DEAE34C22C1413D0012737D /* main.m in Sources */ = {isa = PBXBuildFile; fileRef = 3DEAE34B22C1413D0012737D /* main.m */; };
/* End PBXBuildFile section */

/* Begin PBXFileReference section */
		3DEAE33922C141370012737D /* MVVMDemo.app */ = {isa = PBXFileReference; explicitFileType = wrapper.application; includeInIndex = 0; path = MVVMDemo.app; sourceTree = BUILT_PRODUCTS_DIR; };
		3DEAE33C22C141370012737D /* AppDelegate.h */ = {isa = PBXFileReference; lastKnownFileType = sourcecode.c.h; path = AppDelegate.h; sourceTree = "<group>"; };
		3DEAE33D22C141370012737D /* AppDelegate.m */ = {isa = PBXFileReference; lastKnownFileType = sourcecode.c.objc; path = AppDelegate.m; sourceTree = "<group>"; };
		3DEAE33F22C141370012737D /* ViewController.h */ = {isa = PBXFileReference; lastKnownFileType = sourcecode.c.h; path = ViewController.h; sourceTree = "<group>"; };
		3DEAE34022C141370012737D /* ViewController.m */ = {isa = PBXFileReference; lastKnownFileType = sourcecode.c.objc; path = ViewController.m; sourceTree = "<group>"; };
		3DEAE34322C141370012737D /* Base */ = {isa = PBXFileReference; lastKnownFileType = file.storyboard; name = Base; path = Base.lproj/Main.storyboard; sourceTree = "<group>"; };
		3DEAE34522C1413D0012737D /* Assets.xcassets */ = {isa = PBXFileReference; lastKnownFileType = folder.assetcatalog; path = Assets.xcassets; sourceTree = "<group>"; };
		3DEAE34822C1413D0012737D /* Base */ = {isa = PBXFileReference; lastKnownFileType = file.storyboard; name = Base; path = Base.lproj/LaunchScreen.storyboard; sourceTree = "<group>"; };
		3DEAE34A22C1413D0012737D /* Info.plist */ = {isa = PBXFileReference; lastKnownFileType = text.plist.xml; path = Info.plist; sourceTree = "<group>"; };
		3DEAE34B22C1413D0012737D /* main.m */ = {isa = PBXFileReference; lastKnownFileType = sourcecode.c.objc; path = main.m; sourceTree = "<group>"; };
/* End PBXFileReference section */

/* Begin PBXFrameworksBuildPhase section */
		3DEAE33622C141370012737D /* Frameworks */ = {
			isa = PBXFrameworksBuildPhase;
			buildActionMask = 2147483647;
			files = (
			);
			runOnlyForDeploymentPostprocessing = 0;
		};
/* End PBXFrameworksBuildPhase section */

/* Begin PBXGroup section */
		3DEAE33022C141370012737D = {
			isa = PBXGroup;
			children = (
				3DEAE33B22C141370012737D /* MVVMDemo */,
				3DEAE33A22C141370012737D /* Products */,
			);
			sourceTree = "<group>";
		};
		3DEAE33A22C141370012737D /* Products */ = {
			isa = PBXGroup;
			children = (
				3DEAE33922C141370012737D /* MVVMDemo.app */,
			);
			name = Products;
			sourceTree = "<group>";
		};
		3DEAE33B22C141370012737D /* MVVMDemo */ = {
			isa = PBXGroup;
			children = (
				3DEAE39322C28E730012737D /* Functions */,
				3DEAE33C22C141370012737D /* AppDelegate.h */,
				3DEAE33D22C141370012737D /* AppDelegate.m */,
				3DEAE33F22C141370012737D /* ViewController.h */,
				3DEAE34022C141370012737D /* ViewController.m */,
				3DEAE34222C141370012737D /* Main.storyboard */,
				3DEAE34522C1413D0012737D /* Assets.xcassets */,
				3DEAE34722C1413D0012737D /* LaunchScreen.storyboard */,
				3DEAE34A22C1413D0012737D /* Info.plist */,
				3DEAE34B22C1413D0012737D /* main.m */,
			);
			path = MVVMDemo;
			sourceTree = "<group>";
		};
		3DEAE39322C28E730012737D /* Functions */ = {
			isa = PBXGroup;
			children = (
				3DEAE39422C28E730012737D /* Find(发现) */,
				3DEAE39522C28E730012737D /* Clound(云村) */,
				3DEAE39622C28E730012737D /* Account(账号) */,
				3DEAE39722C28E730012737D /* Video(视频) */,
				3DEAE39822C28E730012737D /* My(我的) */,
			);
			path = Functions;
			sourceTree = "<group>";
		};
		3DEAE39422C28E730012737D /* Find(发现) */ = {
			isa = PBXGroup;
			children = (
			);
			path = "Find(发现)";
			sourceTree = "<group>";
		};
		3DEAE39522C28E730012737D /* Clound(云村) */ = {
			isa = PBXGroup;
			children = (
			);
			path = "Clound(云村)";
			sourceTree = "<group>";
		};
		3DEAE39622C28E730012737D /* Account(账号) */ = {
			isa = PBXGroup;
			children = (
			);
			path = "Account(账号)";
			sourceTree = "<group>";
		};
		3DEAE39722C28E730012737D /* Video(视频) */ = {
			isa = PBXGroup;
			children = (
			);
			path = "Video(视频)";
			sourceTree = "<group>";
		};
		3DEAE39822C28E730012737D /* My(我的) */ = {
			isa = PBXGroup;
			children = (
			);
			path = "My(我的)";
			sourceTree = "<group>";
		};
/* End PBXGroup section */

/* Begin PBXNativeTarget section */
		3DEAE33822C141370012737D /* MVVMDemo */ = {
			isa = PBXNativeTarget;
			buildConfigurationList = 3DEAE34F22C1413D0012737D /* Build configuration list for PBXNativeTarget "MVVMDemo" */;
			buildPhases = (
				3DEAE33522C141370012737D /* Sources */,
				3DEAE33622C141370012737D /* Frameworks */,
				3DEAE33722C141370012737D /* Resources */,
			);
			buildRules = (
			);
			dependencies = (
			);
			name = MVVMDemo;
			productName = MVVMDemo;
			productReference = 3DEAE33922C141370012737D /* MVVMDemo.app */;
			productType = "com.apple.product-type.application";
		};
/* End PBXNativeTarget section */

/* Begin PBXProject section */
		3DEAE33122C141370012737D /* Project object */ = {
			isa = PBXProject;
			attributes = {
				LastUpgradeCheck = 1020;
				ORGANIZATIONNAME = "贺文杰";
				TargetAttributes = {
					3DEAE33822C141370012737D = {
						CreatedOnToolsVersion = 10.2.1;
					};
				};
			};
			buildConfigurationList = 3DEAE33422C141370012737D /* Build configuration list for PBXProject "MVVMDemo" */;
			compatibilityVersion = "Xcode 9.3";
			developmentRegion = en;
			hasScannedForEncodings = 0;
			knownRegions = (
				en,
				Base,
			);
			mainGroup = 3DEAE33022C141370012737D;
			productRefGroup = 3DEAE33A22C141370012737D /* Products */;
			projectDirPath = "";
			projectRoot = "";
			targets = (
				3DEAE33822C141370012737D /* MVVMDemo */,
			);
		};
/* End PBXProject section */

/* Begin PBXResourcesBuildPhase section */
		3DEAE33722C141370012737D /* Resources */ = {
			isa = PBXResourcesBuildPhase;
			buildActionMask = 2147483647;
			files = (
				3DEAE34922C1413D0012737D /* LaunchScreen.storyboard in Resources */,
				3DEAE34622C1413D0012737D /* Assets.xcassets in Resources */,
				3DEAE34422C141370012737D /* Main.storyboard in Resources */,
			);
			runOnlyForDeploymentPostprocessing = 0;
		};
/* End PBXResourcesBuildPhase section */

/* Begin PBXSourcesBuildPhase section */
		3DEAE33522C141370012737D /* Sources */ = {
			isa = PBXSourcesBuildPhase;
			buildActionMask = 2147483647;
			files = (
				3DEAE34122C141370012737D /* ViewController.m in Sources */,
				3DEAE34C22C1413D0012737D /* main.m in Sources */,
				3DEAE33E22C141370012737D /* AppDelegate.m in Sources */,
			);
			runOnlyForDeploymentPostprocessing = 0;
		};
/* End PBXSourcesBuildPhase section */

/* Begin PBXVariantGroup section */
		3DEAE34222C141370012737D /* Main.storyboard */ = {
			isa = PBXVariantGroup;
			children = (
				3DEAE34322C141370012737D /* Base */,
			);
			name = Main.storyboard;
			sourceTree = "<group>";
		};
		3DEAE34722C1413D0012737D /* LaunchScreen.storyboard */ = {
			isa = PBXVariantGroup;
			children = (
				3DEAE34822C1413D0012737D /* Base */,
			);
			name = LaunchScreen.storyboard;
			sourceTree = "<group>";
		};
/* End PBXVariantGroup section */

/* Begin XCBuildConfiguration section */
		3DEAE34D22C1413D0012737D /* Debug */ = {
			isa = XCBuildConfiguration;
			buildSettings = {
				ALWAYS_SEARCH_USER_PATHS = NO;
				CLANG_ANALYZER_NONNULL = YES;
				CLANG_ANALYZER_NUMBER_OBJECT_CONVERSION = YES_AGGRESSIVE;
				CLANG_CXX_LANGUAGE_STANDARD = "gnu++14";
				CLANG_CXX_LIBRARY = "libc++";
				CLANG_ENABLE_MODULES = YES;
				CLANG_ENABLE_OBJC_ARC = YES;
				CLANG_ENABLE_OBJC_WEAK = YES;
				CLANG_WARN_BLOCK_CAPTURE_AUTORELEASING = YES;
				CLANG_WARN_BOOL_CONVERSION = YES;
				CLANG_WARN_COMMA = YES;
				CLANG_WARN_CONSTANT_CONVERSION = YES;
				CLANG_WARN_DEPRECATED_OBJC_IMPLEMENTATIONS = YES;
				CLANG_WARN_DIRECT_OBJC_ISA_USAGE = YES_ERROR;
				CLANG_WARN_DOCUMENTATION_COMMENTS = YES;
				CLANG_WARN_EMPTY_BODY = YES;
				CLANG_WARN_ENUM_CONVERSION = YES;
				CLANG_WARN_INFINITE_RECURSION = YES;
				CLANG_WARN_INT_CONVERSION = YES;
				CLANG_WARN_NON_LITERAL_NULL_CONVERSION = YES;
				CLANG_WARN_OBJC_IMPLICIT_RETAIN_SELF = YES;
				CLANG_WARN_OBJC_LITERAL_CONVERSION = YES;
				CLANG_WARN_OBJC_ROOT_CLASS = YES_ERROR;
				CLANG_WARN_RANGE_LOOP_ANALYSIS = YES;
				CLANG_WARN_STRICT_PROTOTYPES = YES;
				CLANG_WARN_SUSPICIOUS_MOVE = YES;
				CLANG_WARN_UNGUARDED_AVAILABILITY = YES_AGGRESSIVE;
				CLANG_WARN_UNREACHABLE_CODE = YES;
				CLANG_WARN__DUPLICATE_METHOD_MATCH = YES;
				CODE_SIGN_IDENTITY = "iPhone Developer";
				COPY_PHASE_STRIP = NO;
				DEBUG_INFORMATION_FORMAT = dwarf;
				ENABLE_STRICT_OBJC_MSGSEND = YES;
				ENABLE_TESTABILITY = YES;
				GCC_C_LANGUAGE_STANDARD = gnu11;
				GCC_DYNAMIC_NO_PIC = NO;
				GCC_NO_COMMON_BLOCKS = YES;
				GCC_OPTIMIZATION_LEVEL = 0;
				GCC_PREPROCESSOR_DEFINITIONS = (
					"DEBUG=1",
					"$(inherited)",
				);
				GCC_WARN_64_TO_32_BIT_CONVERSION = YES;
				GCC_WARN_ABOUT_RETURN_TYPE = YES_ERROR;
				GCC_WARN_UNDECLARED_SELECTOR = YES;
				GCC_WARN_UNINITIALIZED_AUTOS = YES_AGGRESSIVE;
				GCC_WARN_UNUSED_FUNCTION = YES;
				GCC_WARN_UNUSED_VARIABLE = YES;
				IPHONEOS_DEPLOYMENT_TARGET = 12.2;
				MTL_ENABLE_DEBUG_INFO = INCLUDE_SOURCE;
				MTL_FAST_MATH = YES;
				ONLY_ACTIVE_ARCH = YES;
				SDKROOT = iphoneos;
			};
			name = Debug;
		};
		3DEAE34E22C1413D0012737D /* Release */ = {
			isa = XCBuildConfiguration;
			buildSettings = {
				ALWAYS_SEARCH_USER_PATHS = NO;
				CLANG_ANALYZER_NONNULL = YES;
				CLANG_ANALYZER_NUMBER_OBJECT_CONVERSION = YES_AGGRESSIVE;
				CLANG_CXX_LANGUAGE_STANDARD = "gnu++14";
				CLANG_CXX_LIBRARY = "libc++";
				CLANG_ENABLE_MODULES = YES;
				CLANG_ENABLE_OBJC_ARC = YES;
				CLANG_ENABLE_OBJC_WEAK = YES;
				CLANG_WARN_BLOCK_CAPTURE_AUTORELEASING = YES;
				CLANG_WARN_BOOL_CONVERSION = YES;
				CLANG_WARN_COMMA = YES;
				CLANG_WARN_CONSTANT_CONVERSION = YES;
				CLANG_WARN_DEPRECATED_OBJC_IMPLEMENTATIONS = YES;
				CLANG_WARN_DIRECT_OBJC_ISA_USAGE = YES_ERROR;
				CLANG_WARN_DOCUMENTATION_COMMENTS = YES;
				CLANG_WARN_EMPTY_BODY = YES;
				CLANG_WARN_ENUM_CONVERSION = YES;
				CLANG_WARN_INFINITE_RECURSION = YES;
				CLANG_WARN_INT_CONVERSION = YES;
				CLANG_WARN_NON_LITERAL_NULL_CONVERSION = YES;
				CLANG_WARN_OBJC_IMPLICIT_RETAIN_SELF = YES;
				CLANG_WARN_OBJC_LITERAL_CONVERSION = YES;
				CLANG_WARN_OBJC_ROOT_CLASS = YES_ERROR;
				CLANG_WARN_RANGE_LOOP_ANALYSIS = YES;
				CLANG_WARN_STRICT_PROTOTYPES = YES;
				CLANG_WARN_SUSPICIOUS_MOVE = YES;
				CLANG_WARN_UNGUARDED_AVAILABILITY = YES_AGGRESSIVE;
				CLANG_WARN_UNREACHABLE_CODE = YES;
				CLANG_WARN__DUPLICATE_METHOD_MATCH = YES;
				CODE_SIGN_IDENTITY = "iPhone Developer";
				COPY_PHASE_STRIP = NO;
				DEBUG_INFORMATION_FORMAT = "dwarf-with-dsym";
				ENABLE_NS_ASSERTIONS = NO;
				ENABLE_STRICT_OBJC_MSGSEND = YES;
				GCC_C_LANGUAGE_STANDARD = gnu11;
				GCC_NO_COMMON_BLOCKS = YES;
				GCC_WARN_64_TO_32_BIT_CONVERSION = YES;
				GCC_WARN_ABOUT_RETURN_TYPE = YES_ERROR;
				GCC_WARN_UNDECLARED_SELECTOR = YES;
				GCC_WARN_UNINITIALIZED_AUTOS = YES_AGGRESSIVE;
				GCC_WARN_UNUSED_FUNCTION = YES;
				GCC_WARN_UNUSED_VARIABLE = YES;
				IPHONEOS_DEPLOYMENT_TARGET = 12.2;
				MTL_ENABLE_DEBUG_INFO = NO;
				MTL_FAST_MATH = YES;
				SDKROOT = iphoneos;
				VALIDATE_PRODUCT = YES;
			};
			name = Release;
		};
		3DEAE35022C1413D0012737D /* Debug */ = {
			isa = XCBuildConfiguration;
			buildSettings = {
				ASSETCATALOG_COMPILER_APPICON_NAME = AppIcon;
				CODE_SIGN_STYLE = Manual;
				DEVELOPMENT_TEAM = "";
				INFOPLIST_FILE = MVVMDemo/Info.plist;
				LD_RUNPATH_SEARCH_PATHS = (
					"$(inherited)",
					"@executable_path/Frameworks",
				);
				PRODUCT_BUNDLE_IDENTIFIER = com.hwj.MVVMDemo;
				PRODUCT_NAME = "$(TARGET_NAME)";
				PROVISIONING_PROFILE_SPECIFIER = "";
				TARGETED_DEVICE_FAMILY = "1,2";
			};
			name = Debug;
		};
		3DEAE35122C1413D0012737D /* Release */ = {
			isa = XCBuildConfiguration;
			buildSettings = {
				ASSETCATALOG_COMPILER_APPICON_NAME = AppIcon;
				CODE_SIGN_STYLE = Manual;
				DEVELOPMENT_TEAM = "";
				INFOPLIST_FILE = MVVMDemo/Info.plist;
				LD_RUNPATH_SEARCH_PATHS = (
					"$(inherited)",
					"@executable_path/Frameworks",
				);
				PRODUCT_BUNDLE_IDENTIFIER = com.hwj.MVVMDemo;
				PRODUCT_NAME = "$(TARGET_NAME)";
				PROVISIONING_PROFILE_SPECIFIER = "";
				TARGETED_DEVICE_FAMILY = "1,2";
			};
			name = Release;
		};
/* End XCBuildConfiguration section */

/* Begin XCConfigurationList section */
		3DEAE33422C141370012737D /* Build configuration list for PBXProject "MVVMDemo" */ = {
			isa = XCConfigurationList;
			buildConfigurations = (
				3DEAE34D22C1413D0012737D /* Debug */,
				3DEAE34E22C1413D0012737D /* Release */,
			);
			defaultConfigurationIsVisible = 0;
			defaultConfigurationName = Release;
		};
		3DEAE34F22C1413D0012737D /* Build configuration list for PBXNativeTarget "MVVMDemo" */ = {
			isa = XCConfigurationList;
			buildConfigurations = (
				3DEAE35022C1413D0012737D /* Debug */,
				3DEAE35122C1413D0012737D /* Release */,
			);
			defaultConfigurationIsVisible = 0;
			defaultConfigurationName = Release;
		};
/* End XCConfigurationList section */
	};
	rootObject = 3DEAE33122C141370012737D /* Project object */;
}
